// !$*UTF8*$!
{
	archiveVersion = 1;
	classes = {
	};
	objectVersion = 46;
	objects = {

/* Begin PBXBuildFile section */
		BE6ADFDC1B7C1F8C00574AFA /* GWBaseViewController.swift in Sources */ = {isa = PBXBuildFile; fileRef = BE6ADFDB1B7C1F8C00574AFA /* GWBaseViewController.swift */; };
		BE6ADFDE1B7C1F9100574AFA /* GWFilmViewController.swift in Sources */ = {isa = PBXBuildFile; fileRef = BE6ADFDD1B7C1F9100574AFA /* GWFilmViewController.swift */; };
		BE6ADFE01B7C1F9700574AFA /* GWCameraViewController.swift in Sources */ = {isa = PBXBuildFile; fileRef = BE6ADFDF1B7C1F9700574AFA /* GWCameraViewController.swift */; };
		BE97B3531B7C1D1F00B3E74D /* AppDelegate.swift in Sources */ = {isa = PBXBuildFile; fileRef = BE97B3521B7C1D1F00B3E74D /* AppDelegate.swift */; };
		BE97B35A1B7C1D1F00B3E74D /* Assets.xcassets in Resources */ = {isa = PBXBuildFile; fileRef = BE97B3591B7C1D1F00B3E74D /* Assets.xcassets */; };
		BE97B3651B7C1D5200B3E74D /* TestVideo.m4v in Resources */ = {isa = PBXBuildFile; fileRef = BE97B3641B7C1D5200B3E74D /* TestVideo.m4v */; };
		BEDF80C61B7C6C40006571A8 /* Main.storyboard in Resources */ = {isa = PBXBuildFile; fileRef = BEDF80C81B7C6C40006571A8 /* Main.storyboard */; };
/* End PBXBuildFile section */

/* Begin PBXFileReference section */
		BE6ADFDB1B7C1F8C00574AFA /* GWBaseViewController.swift */ = {isa = PBXFileReference; fileEncoding = 4; lastKnownFileType = sourcecode.swift; path = GWBaseViewController.swift; sourceTree = "<group>"; };
		BE6ADFDD1B7C1F9100574AFA /* GWFilmViewController.swift */ = {isa = PBXFileReference; fileEncoding = 4; lastKnownFileType = sourcecode.swift; path = GWFilmViewController.swift; sourceTree = "<group>"; };
		BE6ADFDF1B7C1F9700574AFA /* GWCameraViewController.swift */ = {isa = PBXFileReference; fileEncoding = 4; lastKnownFileType = sourcecode.swift; path = GWCameraViewController.swift; sourceTree = "<group>"; };
		BE97B34F1B7C1D1F00B3E74D /* Baby Film.app */ = {isa = PBXFileReference; explicitFileType = wrapper.application; includeInIndex = 0; path = "Baby Film.app"; sourceTree = BUILT_PRODUCTS_DIR; };
		BE97B3521B7C1D1F00B3E74D /* AppDelegate.swift */ = {isa = PBXFileReference; lastKnownFileType = sourcecode.swift; path = AppDelegate.swift; sourceTree = "<group>"; };
		BE97B3591B7C1D1F00B3E74D /* Assets.xcassets */ = {isa = PBXFileReference; lastKnownFileType = folder.assetcatalog; path = Assets.xcassets; sourceTree = "<group>"; };
		BE97B35E1B7C1D1F00B3E74D /* Info.plist */ = {isa = PBXFileReference; lastKnownFileType = text.plist.xml; path = Info.plist; sourceTree = "<group>"; };
		BE97B3641B7C1D5200B3E74D /* TestVideo.m4v */ = {isa = PBXFileReference; lastKnownFileType = file; path = TestVideo.m4v; sourceTree = "<group>"; };
		BEDF80C71B7C6C40006571A8 /* Base */ = {isa = PBXFileReference; lastKnownFileType = file.storyboard; name = Base; path = Base.lproj/Main.storyboard; sourceTree = "<group>"; };
/* End PBXFileReference section */

/* Begin PBXFrameworksBuildPhase section */
		BE97B34C1B7C1D1F00B3E74D /* Frameworks */ = {
			isa = PBXFrameworksBuildPhase;
			buildActionMask = 2147483647;
			files = (
			);
			runOnlyForDeploymentPostprocessing = 0;
		};
/* End PBXFrameworksBuildPhase section */

/* Begin PBXGroup section */
		BE6ADFE11B7C207100574AFA /* Sources */ = {
			isa = PBXGroup;
			children = (
				BE97B3641B7C1D5200B3E74D /* TestVideo.m4v */,
				BE97B3591B7C1D1F00B3E74D /* Assets.xcassets */,
				BE97B35E1B7C1D1F00B3E74D /* Info.plist */,
			);
			name = Sources;
			sourceTree = "<group>";
		};
		BE97B3461B7C1D1F00B3E74D = {
			isa = PBXGroup;
			children = (
				BE97B3511B7C1D1F00B3E74D /* Baby Film */,
				BE97B3501B7C1D1F00B3E74D /* Products */,
			);
			sourceTree = "<group>";
		};
		BE97B3501B7C1D1F00B3E74D /* Products */ = {
			isa = PBXGroup;
			children = (
				BE97B34F1B7C1D1F00B3E74D /* Baby Film.app */,
			);
			name = Products;
			sourceTree = "<group>";
		};
		BE97B3511B7C1D1F00B3E74D /* Baby Film */ = {
			isa = PBXGroup;
			children = (
				BE97B3521B7C1D1F00B3E74D /* AppDelegate.swift */,
				BEDF80C81B7C6C40006571A8 /* Main.storyboard */,
				BE6ADFDB1B7C1F8C00574AFA /* GWBaseViewController.swift */,
				BE6ADFDD1B7C1F9100574AFA /* GWFilmViewController.swift */,
				BE6ADFDF1B7C1F9700574AFA /* GWCameraViewController.swift */,
				BE6ADFE11B7C207100574AFA /* Sources */,
			);
			path = "Baby Film";
			sourceTree = "<group>";
		};
/* End PBXGroup section */

/* Begin PBXNativeTarget section */
		BE97B34E1B7C1D1F00B3E74D /* Baby Film */ = {
			isa = PBXNativeTarget;
			buildConfigurationList = BE97B3611B7C1D1F00B3E74D /* Build configuration list for PBXNativeTarget "Baby Film" */;
			buildPhases = (
				BE97B34B1B7C1D1F00B3E74D /* Sources */,
				BE97B34C1B7C1D1F00B3E74D /* Frameworks */,
				BE97B34D1B7C1D1F00B3E74D /* Resources */,
			);
			buildRules = (
			);
			dependencies = (
			);
			name = "Baby Film";
			productName = "Baby Film";
			productReference = BE97B34F1B7C1D1F00B3E74D /* Baby Film.app */;
			productType = "com.apple.product-type.application";
		};
/* End PBXNativeTarget section */

/* Begin PBXProject section */
		BE97B3471B7C1D1F00B3E74D /* Project object */ = {
			isa = PBXProject;
			attributes = {
				LastUpgradeCheck = 0700;
				ORGANIZATIONNAME = gewill.org;
				TargetAttributes = {
					BE97B34E1B7C1D1F00B3E74D = {
						CreatedOnToolsVersion = 7.0;
						DevelopmentTeam = RLK76T8Y89;
					};
				};
			};
			buildConfigurationList = BE97B34A1B7C1D1F00B3E74D /* Build configuration list for PBXProject "Baby Film" */;
			compatibilityVersion = "Xcode 3.2";
			developmentRegion = English;
			hasScannedForEncodings = 0;
			knownRegions = (
				en,
				Base,
			);
			mainGroup = BE97B3461B7C1D1F00B3E74D;
			productRefGroup = BE97B3501B7C1D1F00B3E74D /* Products */;
			projectDirPath = "";
			projectRoot = "";
			targets = (
				BE97B34E1B7C1D1F00B3E74D /* Baby Film */,
			);
		};
/* End PBXProject section */

/* Begin PBXResourcesBuildPhase section */
		BE97B34D1B7C1D1F00B3E74D /* Resources */ = {
			isa = PBXResourcesBuildPhase;
			buildActionMask = 2147483647;
			files = (
				BEDF80C61B7C6C40006571A8 /* Main.storyboard in Resources */,
				BE97B3651B7C1D5200B3E74D /* TestVideo.m4v in Resources */,
				BE97B35A1B7C1D1F00B3E74D /* Assets.xcassets in Resources */,
			);
			runOnlyForDeploymentPostprocessing = 0;
		};
/* End PBXResourcesBuildPhase section */

/* Begin PBXSourcesBuildPhase section */
		BE97B34B1B7C1D1F00B3E74D /* Sources */ = {
			isa = PBXSourcesBuildPhase;
			buildActionMask = 2147483647;
			files = (
				BE6ADFDE1B7C1F9100574AFA /* GWFilmViewController.swift in Sources */,
				BE6ADFE01B7C1F9700574AFA /* GWCameraViewController.swift in Sources */,
				BE97B3531B7C1D1F00B3E74D /* AppDelegate.swift in Sources */,
				BE6ADFDC1B7C1F8C00574AFA /* GWBaseViewController.swift in Sources */,
			);
			runOnlyForDeploymentPostprocessing = 0;
		};
/* End PBXSourcesBuildPhase section */

/* Begin PBXVariantGroup section */
		BEDF80C81B7C6C40006571A8 /* Main.storyboard */ = {
			isa = PBXVariantGroup;
			children = (
				BEDF80C71B7C6C40006571A8 /* Base */,
			);
			name = Main.storyboard;
			sourceTree = "<group>";
		};
/* End PBXVariantGroup section */

/* Begin XCBuildConfiguration section */
		BE97B35F1B7C1D1F00B3E74D /* Debug */ = {
			isa = XCBuildConfiguration;
			buildSettings = {
				ALWAYS_SEARCH_USER_PATHS = NO;
				CLANG_CXX_LANGUAGE_STANDARD = "gnu++0x";
				CLANG_CXX_LIBRARY = "libc++";
				CLANG_ENABLE_MODULES = YES;
				CLANG_ENABLE_OBJC_ARC = YES;
				CLANG_WARN_BOOL_CONVERSION = YES;
				CLANG_WARN_CONSTANT_CONVERSION = YES;
				CLANG_WARN_DIRECT_OBJC_ISA_USAGE = YES_ERROR;
				CLANG_WARN_EMPTY_BODY = YES;
				CLANG_WARN_ENUM_CONVERSION = YES;
				CLANG_WARN_INT_CONVERSION = YES;
				CLANG_WARN_OBJC_ROOT_CLASS = YES_ERROR;
				CLANG_WARN_UNREACHABLE_CODE = YES;
				CLANG_WARN__DUPLICATE_METHOD_MATCH = YES;
				"CODE_SIGN_IDENTITY[sdk=iphoneos*]" = "iPhone Developer";
				COPY_PHASE_STRIP = NO;
				DEBUG_INFORMATION_FORMAT = dwarf;
				ENABLE_STRICT_OBJC_MSGSEND = YES;
				ENABLE_TESTABILITY = YES;
				GCC_C_LANGUAGE_STANDARD = gnu99;
				GCC_DYNAMIC_NO_PIC = NO;
				GCC_NO_COMMON_BLOCKS = YES;
				GCC_OPTIMIZATION_LEVEL = 0;
				GCC_PREPROCESSOR_DEFINITIONS = (
					"DEBUG=1",
					"$(inherited)",
				);
				GCC_WARN_64_TO_32_BIT_CONVERSION = YES;
				GCC_WARN_ABOUT_RETURN_TYPE = YES_ERROR;
				GCC_WARN_UNDECLARED_SELECTOR = YES;
				GCC_WARN_UNINITIALIZED_AUTOS = YES_AGGRESSIVE;
				GCC_WARN_UNUSED_FUNCTION = YES;
				GCC_WARN_UNUSED_VARIABLE = YES;
				IPHONEOS_DEPLOYMENT_TARGET = 9.0;
				MTL_ENABLE_DEBUG_INFO = YES;
				ONLY_ACTIVE_ARCH = YES;
				SDKROOT = iphoneos;
				SWIFT_OPTIMIZATION_LEVEL = "-Onone";
			};
			name = Debug;
		};
		BE97B3601B7C1D1F00B3E74D /* Release */ = {
			isa = XCBuildConfiguration;
			buildSettings = {
				ALWAYS_SEARCH_USER_PATHS = NO;
				CLANG_CXX_LANGUAGE_STANDARD = "gnu++0x";
				CLANG_CXX_LIBRARY = "libc++";
				CLANG_ENABLE_MODULES = YES;
				CLANG_ENABLE_OBJC_ARC = YES;
				CLANG_WARN_BOOL_CONVERSION = YES;
				CLANG_WARN_CONSTANT_CONVERSION = YES;
				CLANG_WARN_DIRECT_OBJC_ISA_USAGE = YES_ERROR;
				CLANG_WARN_EMPTY_BODY = YES;
				CLANG_WARN_ENUM_CONVERSION = YES;
				CLANG_WARN_INT_CONVERSION = YES;
				CLANG_WARN_OBJC_ROOT_CLASS = YES_ERROR;
				CLANG_WARN_UNREACHABLE_CODE = YES;
				CLANG_WARN__DUPLICATE_METHOD_MATCH = YES;
				"CODE_SIGN_IDENTITY[sdk=iphoneos*]" = "iPhone Developer";
				COPY_PHASE_STRIP = NO;
				DEBUG_INFORMATION_FORMAT = "dwarf-with-dsym";
				ENABLE_NS_ASSERTIONS = NO;
				ENABLE_STRICT_OBJC_MSGSEND = YES;
				GCC_C_LANGUAGE_STANDARD = gnu99;
				GCC_NO_COMMON_BLOCKS = YES;
				GCC_WARN_64_TO_32_BIT_CONVERSION = YES;
				GCC_WARN_ABOUT_RETURN_TYPE = YES_ERROR;
				GCC_WARN_UNDECLARED_SELECTOR = YES;
				GCC_WARN_UNINITIALIZED_AUTOS = YES_AGGRESSIVE;
				GCC_WARN_UNUSED_FUNCTION = YES;
				GCC_WARN_UNUSED_VARIABLE = YES;
				IPHONEOS_DEPLOYMENT_TARGET = 9.0;
				MTL_ENABLE_DEBUG_INFO = NO;
				SDKROOT = iphoneos;
				VALIDATE_PRODUCT = YES;
			};
			name = Release;
		};
		BE97B3621B7C1D1F00B3E74D /* Debug */ = {
			isa = XCBuildConfiguration;
			buildSettings = {
				ASSETCATALOG_COMPILER_APPICON_NAME = AppIcon;
				CODE_SIGN_IDENTITY = "iPhone Developer";
				"CODE_SIGN_IDENTITY[sdk=iphoneos*]" = "iPhone Developer";
				INFOPLIST_FILE = "Baby Film/Info.plist";
				IPHONEOS_DEPLOYMENT_TARGET = 8.0;
				LD_RUNPATH_SEARCH_PATHS = "$(inherited) @executable_path/Frameworks";
				PRODUCT_BUNDLE_IDENTIFIER = "org.gewill.Baby-Film";
				PRODUCT_NAME = "$(TARGET_NAME)";
				PROVISIONING_PROFILE = "";
			};
			name = Debug;
		};
		BE97B3631B7C1D1F00B3E74D /* Release */ = {
			isa = XCBuildConfiguration;
			buildSettings = {
				ASSETCATALOG_COMPILER_APPICON_NAME = AppIcon;
				CODE_SIGN_IDENTITY = "iPhone Developer";
				"CODE_SIGN_IDENTITY[sdk=iphoneos*]" = "iPhone Developer";
				INFOPLIST_FILE = "Baby Film/Info.plist";
				IPHONEOS_DEPLOYMENT_TARGET = 8.0;
				LD_RUNPATH_SEARCH_PATHS = "$(inherited) @executable_path/Frameworks";
				PRODUCT_BUNDLE_IDENTIFIER = "org.gewill.Baby-Film";
				PRODUCT_NAME = "$(TARGET_NAME)";
				PROVISIONING_PROFILE = "";
			};
			name = Release;
		};
/* End XCBuildConfiguration section */

/* Begin XCConfigurationList section */
		BE97B34A1B7C1D1F00B3E74D /* Build configuration list for PBXProject "Baby Film" */ = {
			isa = XCConfigurationList;
			buildConfigurations = (
				BE97B35F1B7C1D1F00B3E74D /* Debug */,
				BE97B3601B7C1D1F00B3E74D /* Release */,
			);
			defaultConfigurationIsVisible = 0;
			defaultConfigurationName = Release;
		};
		BE97B3611B7C1D1F00B3E74D /* Build configuration list for PBXNativeTarget "Baby Film" */ = {
			isa = XCConfigurationList;
			buildConfigurations = (
				BE97B3621B7C1D1F00B3E74D /* Debug */,
				BE97B3631B7C1D1F00B3E74D /* Release */,
			);
			defaultConfigurationIsVisible = 0;
			defaultConfigurationName = Release;
		};
/* End XCConfigurationList section */
	};
	rootObject = BE97B3471B7C1D1F00B3E74D /* Project object */;
}
