// !$*UTF8*$!
{
	archiveVersion = 1;
	classes = {
	};
	objectVersion = 46;
	objects = {

/* Begin PBXBuildFile section */
		5CFD9F110D497C7770BD212F /* libPods.a in Frameworks */ = {isa = PBXBuildFile; fileRef = 0B6D41DF0C4BE12001784E9E /* libPods.a */; };
		BE23082C1B7CE89C00024A54 /* ImageViewController.swift in Sources */ = {isa = PBXBuildFile; fileRef = BE23082B1B7CE89C00024A54 /* ImageViewController.swift */; };
		BE23082E1B7CE8A400024A54 /* ViewController.swift in Sources */ = {isa = PBXBuildFile; fileRef = BE23082D1B7CE8A400024A54 /* ViewController.swift */; };
		BE2308301B7CE8AE00024A54 /* DemoURL.swift in Sources */ = {isa = PBXBuildFile; fileRef = BE23082F1B7CE8AE00024A54 /* DemoURL.swift */; };
		BE23083D1B7D7AAB00024A54 /* bt_next@2x.png in Resources */ = {isa = PBXBuildFile; fileRef = BE2308341B7D7AAB00024A54 /* bt_next@2x.png */; };
		BE23083E1B7D7AAB00024A54 /* bt_previous@2x.png in Resources */ = {isa = PBXBuildFile; fileRef = BE2308351B7D7AAB00024A54 /* bt_previous@2x.png */; };
		BE23083F1B7D7AAB00024A54 /* SZCalendarCell.m in Sources */ = {isa = PBXBuildFile; fileRef = BE2308371B7D7AAB00024A54 /* SZCalendarCell.m */; };
		BE2308401B7D7AAB00024A54 /* SZCalendarPicker.m in Sources */ = {isa = PBXBuildFile; fileRef = BE2308391B7D7AAB00024A54 /* SZCalendarPicker.m */; };
		BE2308411B7D7AAB00024A54 /* SZCalendarPicker.xib in Resources */ = {isa = PBXBuildFile; fileRef = BE23083A1B7D7AAB00024A54 /* SZCalendarPicker.xib */; };
		BE2308421B7D7AAB00024A54 /* UIColor+ZXLazy.m in Sources */ = {isa = PBXBuildFile; fileRef = BE23083C1B7D7AAB00024A54 /* UIColor+ZXLazy.m */; };
		BE6ADFDE1B7C1F9100574AFA /* GWFilmViewController.swift in Sources */ = {isa = PBXBuildFile; fileRef = BE6ADFDD1B7C1F9100574AFA /* GWFilmViewController.swift */; };
		BE6ADFE01B7C1F9700574AFA /* GWCameraViewController.swift in Sources */ = {isa = PBXBuildFile; fileRef = BE6ADFDF1B7C1F9700574AFA /* GWCameraViewController.swift */; };
		BE97B3531B7C1D1F00B3E74D /* AppDelegate.swift in Sources */ = {isa = PBXBuildFile; fileRef = BE97B3521B7C1D1F00B3E74D /* AppDelegate.swift */; };
		BE97B35A1B7C1D1F00B3E74D /* Assets.xcassets in Resources */ = {isa = PBXBuildFile; fileRef = BE97B3591B7C1D1F00B3E74D /* Assets.xcassets */; };
		BE97B3651B7C1D5200B3E74D /* TestVideo.m4v in Resources */ = {isa = PBXBuildFile; fileRef = BE97B3641B7C1D5200B3E74D /* TestVideo.m4v */; };
		BEB922701B7F826400521F4D /* RecordVideo.m in Sources */ = {isa = PBXBuildFile; fileRef = BEB922691B7F826400521F4D /* RecordVideo.m */; };
		BEB922711B7F826400521F4D /* MergeVideo.m in Sources */ = {isa = PBXBuildFile; fileRef = BEB9226B1B7F826400521F4D /* MergeVideo.m */; };
		BEB922721B7F826400521F4D /* PlayVideo.m in Sources */ = {isa = PBXBuildFile; fileRef = BEB9226D1B7F826400521F4D /* PlayVideo.m */; };
		BEB922731B7F826400521F4D /* ViewController.m in Sources */ = {isa = PBXBuildFile; fileRef = BEB9226F1B7F826400521F4D /* ViewController.m */; };
		BECF2F851B7E4D9000C898EA /* GWSettingViewController.m in Sources */ = {isa = PBXBuildFile; fileRef = BECF2F841B7E4D9000C898EA /* GWSettingViewController.m */; };
		BEDF80C61B7C6C40006571A8 /* Main.storyboard in Resources */ = {isa = PBXBuildFile; fileRef = BEDF80C81B7C6C40006571A8 /* Main.storyboard */; };
		BEECF0761B7D92F900A97CC6 /* SZCalendarCell.h in Sources */ = {isa = PBXBuildFile; fileRef = BE2308361B7D7AAB00024A54 /* SZCalendarCell.h */; };
		BEECF0771B7D92F900A97CC6 /* SZCalendarPicker.h in Sources */ = {isa = PBXBuildFile; fileRef = BE2308381B7D7AAB00024A54 /* SZCalendarPicker.h */; };
		BEECF0781B7D92F900A97CC6 /* SZCalendarPicker.xib in Sources */ = {isa = PBXBuildFile; fileRef = BE23083A1B7D7AAB00024A54 /* SZCalendarPicker.xib */; };
		BEECF0791B7D92F900A97CC6 /* UIColor+ZXLazy.h in Sources */ = {isa = PBXBuildFile; fileRef = BE23083B1B7D7AAB00024A54 /* UIColor+ZXLazy.h */; };
		BEECF0EF1B7D9A6800A97CC6 /* GWHomeView.m in Sources */ = {isa = PBXBuildFile; fileRef = BEECF0EE1B7D9A6800A97CC6 /* GWHomeView.m */; };
		BEECF0F21B7D9AF900A97CC6 /* GWHomeViewController.m in Sources */ = {isa = PBXBuildFile; fileRef = BEECF0F11B7D9AF900A97CC6 /* GWHomeViewController.m */; };
/* End PBXBuildFile section */

/* Begin PBXFileReference section */
		0B6D41DF0C4BE12001784E9E /* libPods.a */ = {isa = PBXFileReference; explicitFileType = archive.ar; includeInIndex = 0; path = libPods.a; sourceTree = BUILT_PRODUCTS_DIR; };
		447E0D71A5CEB7DA2E8D2B25 /* Pods.release.xcconfig */ = {isa = PBXFileReference; includeInIndex = 1; lastKnownFileType = text.xcconfig; name = Pods.release.xcconfig; path = "Pods/Target Support Files/Pods/Pods.release.xcconfig"; sourceTree = "<group>"; };
		48377ACD1DB431552EC653B0 /* Pods.debug.xcconfig */ = {isa = PBXFileReference; includeInIndex = 1; lastKnownFileType = text.xcconfig; name = Pods.debug.xcconfig; path = "Pods/Target Support Files/Pods/Pods.debug.xcconfig"; sourceTree = "<group>"; };
		BE23082B1B7CE89C00024A54 /* ImageViewController.swift */ = {isa = PBXFileReference; fileEncoding = 4; lastKnownFileType = sourcecode.swift; path = ImageViewController.swift; sourceTree = "<group>"; };
		BE23082D1B7CE8A400024A54 /* ViewController.swift */ = {isa = PBXFileReference; fileEncoding = 4; lastKnownFileType = sourcecode.swift; path = ViewController.swift; sourceTree = "<group>"; };
		BE23082F1B7CE8AE00024A54 /* DemoURL.swift */ = {isa = PBXFileReference; fileEncoding = 4; lastKnownFileType = sourcecode.swift; path = DemoURL.swift; sourceTree = "<group>"; };
		BE2308341B7D7AAB00024A54 /* bt_next@2x.png */ = {isa = PBXFileReference; lastKnownFileType = image.png; path = "bt_next@2x.png"; sourceTree = "<group>"; };
		BE2308351B7D7AAB00024A54 /* bt_previous@2x.png */ = {isa = PBXFileReference; lastKnownFileType = image.png; path = "bt_previous@2x.png"; sourceTree = "<group>"; };
		BE2308361B7D7AAB00024A54 /* SZCalendarCell.h */ = {isa = PBXFileReference; fileEncoding = 4; lastKnownFileType = sourcecode.c.h; path = SZCalendarCell.h; sourceTree = "<group>"; };
		BE2308371B7D7AAB00024A54 /* SZCalendarCell.m */ = {isa = PBXFileReference; fileEncoding = 4; lastKnownFileType = sourcecode.c.objc; path = SZCalendarCell.m; sourceTree = "<group>"; };
		BE2308381B7D7AAB00024A54 /* SZCalendarPicker.h */ = {isa = PBXFileReference; fileEncoding = 4; lastKnownFileType = sourcecode.c.h; path = SZCalendarPicker.h; sourceTree = "<group>"; };
		BE2308391B7D7AAB00024A54 /* SZCalendarPicker.m */ = {isa = PBXFileReference; fileEncoding = 4; lastKnownFileType = sourcecode.c.objc; path = SZCalendarPicker.m; sourceTree = "<group>"; };
		BE23083A1B7D7AAB00024A54 /* SZCalendarPicker.xib */ = {isa = PBXFileReference; fileEncoding = 4; lastKnownFileType = file.xib; path = SZCalendarPicker.xib; sourceTree = "<group>"; };
		BE23083B1B7D7AAB00024A54 /* UIColor+ZXLazy.h */ = {isa = PBXFileReference; fileEncoding = 4; lastKnownFileType = sourcecode.c.h; path = "UIColor+ZXLazy.h"; sourceTree = "<group>"; };
		BE23083C1B7D7AAB00024A54 /* UIColor+ZXLazy.m */ = {isa = PBXFileReference; fileEncoding = 4; lastKnownFileType = sourcecode.c.objc; path = "UIColor+ZXLazy.m"; sourceTree = "<group>"; };
		BE6ADFDD1B7C1F9100574AFA /* GWFilmViewController.swift */ = {isa = PBXFileReference; fileEncoding = 4; lastKnownFileType = sourcecode.swift; path = GWFilmViewController.swift; sourceTree = "<group>"; };
		BE6ADFDF1B7C1F9700574AFA /* GWCameraViewController.swift */ = {isa = PBXFileReference; fileEncoding = 4; lastKnownFileType = sourcecode.swift; path = GWCameraViewController.swift; sourceTree = "<group>"; };
		BE97B34F1B7C1D1F00B3E74D /* Baby Film.app */ = {isa = PBXFileReference; explicitFileType = wrapper.application; includeInIndex = 0; path = "Baby Film.app"; sourceTree = BUILT_PRODUCTS_DIR; };
		BE97B3521B7C1D1F00B3E74D /* AppDelegate.swift */ = {isa = PBXFileReference; lastKnownFileType = sourcecode.swift; path = AppDelegate.swift; sourceTree = "<group>"; };
		BE97B3591B7C1D1F00B3E74D /* Assets.xcassets */ = {isa = PBXFileReference; lastKnownFileType = folder.assetcatalog; path = Assets.xcassets; sourceTree = "<group>"; };
		BE97B35E1B7C1D1F00B3E74D /* Info.plist */ = {isa = PBXFileReference; lastKnownFileType = text.plist.xml; path = Info.plist; sourceTree = "<group>"; };
		BE97B3641B7C1D5200B3E74D /* TestVideo.m4v */ = {isa = PBXFileReference; lastKnownFileType = file; path = TestVideo.m4v; sourceTree = "<group>"; };
		BEB922681B7F826400521F4D /* RecordVideo.h */ = {isa = PBXFileReference; fileEncoding = 4; lastKnownFileType = sourcecode.c.h; path = RecordVideo.h; sourceTree = "<group>"; };
		BEB922691B7F826400521F4D /* RecordVideo.m */ = {isa = PBXFileReference; fileEncoding = 4; lastKnownFileType = sourcecode.c.objc; path = RecordVideo.m; sourceTree = "<group>"; };
		BEB9226A1B7F826400521F4D /* MergeVideo.h */ = {isa = PBXFileReference; fileEncoding = 4; lastKnownFileType = sourcecode.c.h; path = MergeVideo.h; sourceTree = "<group>"; };
		BEB9226B1B7F826400521F4D /* MergeVideo.m */ = {isa = PBXFileReference; fileEncoding = 4; lastKnownFileType = sourcecode.c.objc; path = MergeVideo.m; sourceTree = "<group>"; };
		BEB9226C1B7F826400521F4D /* PlayVideo.h */ = {isa = PBXFileReference; fileEncoding = 4; lastKnownFileType = sourcecode.c.h; path = PlayVideo.h; sourceTree = "<group>"; };
		BEB9226D1B7F826400521F4D /* PlayVideo.m */ = {isa = PBXFileReference; fileEncoding = 4; lastKnownFileType = sourcecode.c.objc; path = PlayVideo.m; sourceTree = "<group>"; };
		BEB9226E1B7F826400521F4D /* ViewController.h */ = {isa = PBXFileReference; fileEncoding = 4; lastKnownFileType = sourcecode.c.h; path = ViewController.h; sourceTree = "<group>"; };
		BEB9226F1B7F826400521F4D /* ViewController.m */ = {isa = PBXFileReference; fileEncoding = 4; lastKnownFileType = sourcecode.c.objc; path = ViewController.m; sourceTree = "<group>"; };
		BECF2F831B7E4D9000C898EA /* GWSettingViewController.h */ = {isa = PBXFileReference; fileEncoding = 4; lastKnownFileType = sourcecode.c.h; path = GWSettingViewController.h; sourceTree = "<group>"; };
		BECF2F841B7E4D9000C898EA /* GWSettingViewController.m */ = {isa = PBXFileReference; fileEncoding = 4; lastKnownFileType = sourcecode.c.objc; path = GWSettingViewController.m; sourceTree = "<group>"; };
		BEDF80C71B7C6C40006571A8 /* Base */ = {isa = PBXFileReference; lastKnownFileType = file.storyboard; name = Base; path = Base.lproj/Main.storyboard; sourceTree = "<group>"; };
		BEECF0ED1B7D9A6800A97CC6 /* GWHomeView.h */ = {isa = PBXFileReference; fileEncoding = 4; lastKnownFileType = sourcecode.c.h; path = GWHomeView.h; sourceTree = "<group>"; };
		BEECF0EE1B7D9A6800A97CC6 /* GWHomeView.m */ = {isa = PBXFileReference; fileEncoding = 4; lastKnownFileType = sourcecode.c.objc; path = GWHomeView.m; sourceTree = "<group>"; };
		BEECF0F01B7D9AF900A97CC6 /* GWHomeViewController.h */ = {isa = PBXFileReference; fileEncoding = 4; lastKnownFileType = sourcecode.c.h; path = GWHomeViewController.h; sourceTree = "<group>"; };
		BEECF0F11B7D9AF900A97CC6 /* GWHomeViewController.m */ = {isa = PBXFileReference; fileEncoding = 4; lastKnownFileType = sourcecode.c.objc; path = GWHomeViewController.m; sourceTree = "<group>"; };
/* End PBXFileReference section */

/* Begin PBXFrameworksBuildPhase section */
		BE97B34C1B7C1D1F00B3E74D /* Frameworks */ = {
			isa = PBXFrameworksBuildPhase;
			buildActionMask = 2147483647;
			files = (
				5CFD9F110D497C7770BD212F /* libPods.a in Frameworks */,
			);
			runOnlyForDeploymentPostprocessing = 0;
		};
/* End PBXFrameworksBuildPhase section */

/* Begin PBXGroup section */
		BE2308311B7CE8B900024A54 /* test 9 Scroll View and Multithreading */ = {
			isa = PBXGroup;
			children = (
				BE23082B1B7CE89C00024A54 /* ImageViewController.swift */,
				BE23082D1B7CE8A400024A54 /* ViewController.swift */,
				BE23082F1B7CE8AE00024A54 /* DemoURL.swift */,
			);
			name = "test 9 Scroll View and Multithreading";
			sourceTree = "<group>";
		};
		BE2308321B7D7AAB00024A54 /* SZCalendarPicker Class */ = {
			isa = PBXGroup;
			children = (
				BE2308331B7D7AAB00024A54 /* Resource */,
				BE2308361B7D7AAB00024A54 /* SZCalendarCell.h */,
				BE2308371B7D7AAB00024A54 /* SZCalendarCell.m */,
				BE2308381B7D7AAB00024A54 /* SZCalendarPicker.h */,
				BE2308391B7D7AAB00024A54 /* SZCalendarPicker.m */,
				BE23083A1B7D7AAB00024A54 /* SZCalendarPicker.xib */,
				BE23083B1B7D7AAB00024A54 /* UIColor+ZXLazy.h */,
				BE23083C1B7D7AAB00024A54 /* UIColor+ZXLazy.m */,
			);
			name = "SZCalendarPicker Class";
			path = Class;
			sourceTree = "<group>";
		};
		BE2308331B7D7AAB00024A54 /* Resource */ = {
			isa = PBXGroup;
			children = (
				BE2308341B7D7AAB00024A54 /* bt_next@2x.png */,
				BE2308351B7D7AAB00024A54 /* bt_previous@2x.png */,
			);
			path = Resource;
			sourceTree = "<group>";
		};
		BE6ADFE11B7C207100574AFA /* Sources */ = {
			isa = PBXGroup;
			children = (
				BE97B3641B7C1D5200B3E74D /* TestVideo.m4v */,
				BE97B3591B7C1D1F00B3E74D /* Assets.xcassets */,
				BE97B35E1B7C1D1F00B3E74D /* Info.plist */,
			);
			name = Sources;
			sourceTree = "<group>";
		};
		BE97B3461B7C1D1F00B3E74D = {
			isa = PBXGroup;
			children = (
				BE97B3511B7C1D1F00B3E74D /* Baby Film */,
				BE97B3501B7C1D1F00B3E74D /* Products */,
				CC2A2A78A8063387AD5E36CB /* Pods */,
				E37AE42EDB99FE171D289884 /* Frameworks */,
			);
			sourceTree = "<group>";
		};
		BE97B3501B7C1D1F00B3E74D /* Products */ = {
			isa = PBXGroup;
			children = (
				BE97B34F1B7C1D1F00B3E74D /* Baby Film.app */,
			);
			name = Products;
			sourceTree = "<group>";
		};
		BE97B3511B7C1D1F00B3E74D /* Baby Film */ = {
			isa = PBXGroup;
			children = (
				BE97B3521B7C1D1F00B3E74D /* AppDelegate.swift */,
				BECF2F831B7E4D9000C898EA /* GWSettingViewController.h */,
				BECF2F841B7E4D9000C898EA /* GWSettingViewController.m */,
				BEDF80C81B7C6C40006571A8 /* Main.storyboard */,
				BEECF0F01B7D9AF900A97CC6 /* GWHomeViewController.h */,
				BEECF0F11B7D9AF900A97CC6 /* GWHomeViewController.m */,
				BEECF0ED1B7D9A6800A97CC6 /* GWHomeView.h */,
				BEECF0EE1B7D9A6800A97CC6 /* GWHomeView.m */,
				BE6ADFDD1B7C1F9100574AFA /* GWFilmViewController.swift */,
				BE6ADFDF1B7C1F9700574AFA /* GWCameraViewController.swift */,
				BEB922671B7F824500521F4D /* VideoPlayRecord */,
				BE2308321B7D7AAB00024A54 /* SZCalendarPicker Class */,
				BE2308311B7CE8B900024A54 /* test 9 Scroll View and Multithreading */,
				BE6ADFE11B7C207100574AFA /* Sources */,
			);
			path = "Baby Film";
			sourceTree = "<group>";
		};
		BEB922671B7F824500521F4D /* VideoPlayRecord */ = {
			isa = PBXGroup;
			children = (
				BEB922681B7F826400521F4D /* RecordVideo.h */,
				BEB922691B7F826400521F4D /* RecordVideo.m */,
				BEB9226A1B7F826400521F4D /* MergeVideo.h */,
				BEB9226B1B7F826400521F4D /* MergeVideo.m */,
				BEB9226C1B7F826400521F4D /* PlayVideo.h */,
				BEB9226D1B7F826400521F4D /* PlayVideo.m */,
				BEB9226E1B7F826400521F4D /* ViewController.h */,
				BEB9226F1B7F826400521F4D /* ViewController.m */,
			);
			name = VideoPlayRecord;
			sourceTree = "<group>";
		};
		CC2A2A78A8063387AD5E36CB /* Pods */ = {
			isa = PBXGroup;
			children = (
				48377ACD1DB431552EC653B0 /* Pods.debug.xcconfig */,
				447E0D71A5CEB7DA2E8D2B25 /* Pods.release.xcconfig */,
			);
			name = Pods;
			sourceTree = "<group>";
		};
		E37AE42EDB99FE171D289884 /* Frameworks */ = {
			isa = PBXGroup;
			children = (
				0B6D41DF0C4BE12001784E9E /* libPods.a */,
			);
			name = Frameworks;
			sourceTree = "<group>";
		};
/* End PBXGroup section */

/* Begin PBXNativeTarget section */
		BE97B34E1B7C1D1F00B3E74D /* Baby Film */ = {
			isa = PBXNativeTarget;
			buildConfigurationList = BE97B3611B7C1D1F00B3E74D /* Build configuration list for PBXNativeTarget "Baby Film" */;
			buildPhases = (
				A597EBD2E104C91BDD4AB79F /* Check Pods Manifest.lock */,
				BE97B34B1B7C1D1F00B3E74D /* Sources */,
				BE97B34C1B7C1D1F00B3E74D /* Frameworks */,
				BE97B34D1B7C1D1F00B3E74D /* Resources */,
				77A78AD283B51FD2CB1327AE /* Copy Pods Resources */,
			);
			buildRules = (
			);
			dependencies = (
			);
			name = "Baby Film";
			productName = "Baby Film";
			productReference = BE97B34F1B7C1D1F00B3E74D /* Baby Film.app */;
			productType = "com.apple.product-type.application";
		};
/* End PBXNativeTarget section */

/* Begin PBXProject section */
		BE97B3471B7C1D1F00B3E74D /* Project object */ = {
			isa = PBXProject;
			attributes = {
				CLASSPREFIX = WILL;
				LastUpgradeCheck = 0700;
				ORGANIZATIONNAME = gewill.org;
				TargetAttributes = {
					BE97B34E1B7C1D1F00B3E74D = {
						CreatedOnToolsVersion = 7.0;
						DevelopmentTeam = RLK76T8Y89;
					};
				};
			};
			buildConfigurationList = BE97B34A1B7C1D1F00B3E74D /* Build configuration list for PBXProject "Baby Film" */;
			compatibilityVersion = "Xcode 3.2";
			developmentRegion = English;
			hasScannedForEncodings = 0;
			knownRegions = (
				en,
				Base,
			);
			mainGroup = BE97B3461B7C1D1F00B3E74D;
			productRefGroup = BE97B3501B7C1D1F00B3E74D /* Products */;
			projectDirPath = "";
			projectRoot = "";
			targets = (
				BE97B34E1B7C1D1F00B3E74D /* Baby Film */,
			);
		};
/* End PBXProject section */

/* Begin PBXResourcesBuildPhase section */
		BE97B34D1B7C1D1F00B3E74D /* Resources */ = {
			isa = PBXResourcesBuildPhase;
			buildActionMask = 2147483647;
			files = (
				BE23083E1B7D7AAB00024A54 /* bt_previous@2x.png in Resources */,
				BEDF80C61B7C6C40006571A8 /* Main.storyboard in Resources */,
				BE97B3651B7C1D5200B3E74D /* TestVideo.m4v in Resources */,
				BE97B35A1B7C1D1F00B3E74D /* Assets.xcassets in Resources */,
				BE2308411B7D7AAB00024A54 /* SZCalendarPicker.xib in Resources */,
				BE23083D1B7D7AAB00024A54 /* bt_next@2x.png in Resources */,
			);
			runOnlyForDeploymentPostprocessing = 0;
		};
/* End PBXResourcesBuildPhase section */

/* Begin PBXShellScriptBuildPhase section */
		77A78AD283B51FD2CB1327AE /* Copy Pods Resources */ = {
			isa = PBXShellScriptBuildPhase;
			buildActionMask = 2147483647;
			files = (
			);
			inputPaths = (
			);
			name = "Copy Pods Resources";
			outputPaths = (
			);
			runOnlyForDeploymentPostprocessing = 0;
			shellPath = /bin/sh;
			shellScript = "\"${SRCROOT}/Pods/Target Support Files/Pods/Pods-resources.sh\"\n";
			showEnvVarsInLog = 0;
		};
		A597EBD2E104C91BDD4AB79F /* Check Pods Manifest.lock */ = {
			isa = PBXShellScriptBuildPhase;
			buildActionMask = 2147483647;
			files = (
			);
			inputPaths = (
			);
			name = "Check Pods Manifest.lock";
			outputPaths = (
			);
			runOnlyForDeploymentPostprocessing = 0;
			shellPath = /bin/sh;
			shellScript = "diff \"${PODS_ROOT}/../Podfile.lock\" \"${PODS_ROOT}/Manifest.lock\" > /dev/null\nif [[ $? != 0 ]] ; then\n    cat << EOM\nerror: The sandbox is not in sync with the Podfile.lock. Run 'pod install' or update your CocoaPods installation.\nEOM\n    exit 1\nfi\n";
			showEnvVarsInLog = 0;
		};
/* End PBXShellScriptBuildPhase section */

/* Begin PBXSourcesBuildPhase section */
		BE97B34B1B7C1D1F00B3E74D /* Sources */ = {
			isa = PBXSourcesBuildPhase;
			buildActionMask = 2147483647;
			files = (
				BEB922711B7F826400521F4D /* MergeVideo.m in Sources */,
				BEECF0761B7D92F900A97CC6 /* SZCalendarCell.h in Sources */,
				BEECF0771B7D92F900A97CC6 /* SZCalendarPicker.h in Sources */,
				BEECF0781B7D92F900A97CC6 /* SZCalendarPicker.xib in Sources */,
				BEECF0791B7D92F900A97CC6 /* UIColor+ZXLazy.h in Sources */,
				BE23082E1B7CE8A400024A54 /* ViewController.swift in Sources */,
				BEECF0EF1B7D9A6800A97CC6 /* GWHomeView.m in Sources */,
				BEECF0F21B7D9AF900A97CC6 /* GWHomeViewController.m in Sources */,
				BE2308301B7CE8AE00024A54 /* DemoURL.swift in Sources */,
				BE23083F1B7D7AAB00024A54 /* SZCalendarCell.m in Sources */,
				BE6ADFDE1B7C1F9100574AFA /* GWFilmViewController.swift in Sources */,
				BEB922721B7F826400521F4D /* PlayVideo.m in Sources */,
				BE6ADFE01B7C1F9700574AFA /* GWCameraViewController.swift in Sources */,
				BEB922701B7F826400521F4D /* RecordVideo.m in Sources */,
				BEB922731B7F826400521F4D /* ViewController.m in Sources */,
				BE2308421B7D7AAB00024A54 /* UIColor+ZXLazy.m in Sources */,
				BE2308401B7D7AAB00024A54 /* SZCalendarPicker.m in Sources */,
				BE23082C1B7CE89C00024A54 /* ImageViewController.swift in Sources */,
				BE97B3531B7C1D1F00B3E74D /* AppDelegate.swift in Sources */,
				BECF2F851B7E4D9000C898EA /* GWSettingViewController.m in Sources */,
			);
			runOnlyForDeploymentPostprocessing = 0;
		};
/* End PBXSourcesBuildPhase section */

/* Begin PBXVariantGroup section */
		BEDF80C81B7C6C40006571A8 /* Main.storyboard */ = {
			isa = PBXVariantGroup;
			children = (
				BEDF80C71B7C6C40006571A8 /* Base */,
			);
			name = Main.storyboard;
			sourceTree = "<group>";
		};
/* End PBXVariantGroup section */

/* Begin XCBuildConfiguration section */
		BE97B35F1B7C1D1F00B3E74D /* Debug */ = {
			isa = XCBuildConfiguration;
			buildSettings = {
				ALWAYS_SEARCH_USER_PATHS = NO;
				CLANG_CXX_LANGUAGE_STANDARD = "gnu++0x";
				CLANG_CXX_LIBRARY = "libc++";
				CLANG_ENABLE_MODULES = YES;
				CLANG_ENABLE_OBJC_ARC = YES;
				CLANG_WARN_BOOL_CONVERSION = YES;
				CLANG_WARN_CONSTANT_CONVERSION = YES;
				CLANG_WARN_DIRECT_OBJC_ISA_USAGE = YES_ERROR;
				CLANG_WARN_EMPTY_BODY = YES;
				CLANG_WARN_ENUM_CONVERSION = YES;
				CLANG_WARN_INT_CONVERSION = YES;
				CLANG_WARN_OBJC_ROOT_CLASS = YES_ERROR;
				CLANG_WARN_UNREACHABLE_CODE = YES;
				CLANG_WARN__DUPLICATE_METHOD_MATCH = YES;
				"CODE_SIGN_IDENTITY[sdk=iphoneos*]" = "iPhone Developer";
				COPY_PHASE_STRIP = NO;
				DEBUG_INFORMATION_FORMAT = dwarf;
				ENABLE_STRICT_OBJC_MSGSEND = YES;
				ENABLE_TESTABILITY = YES;
				GCC_C_LANGUAGE_STANDARD = gnu99;
				GCC_DYNAMIC_NO_PIC = NO;
				GCC_NO_COMMON_BLOCKS = YES;
				GCC_OPTIMIZATION_LEVEL = 0;
				GCC_PREPROCESSOR_DEFINITIONS = (
					"DEBUG=1",
					"$(inherited)",
				);
				GCC_WARN_64_TO_32_BIT_CONVERSION = YES;
				GCC_WARN_ABOUT_RETURN_TYPE = YES_ERROR;
				GCC_WARN_UNDECLARED_SELECTOR = YES;
				GCC_WARN_UNINITIALIZED_AUTOS = YES_AGGRESSIVE;
				GCC_WARN_UNUSED_FUNCTION = YES;
				GCC_WARN_UNUSED_VARIABLE = YES;
				IPHONEOS_DEPLOYMENT_TARGET = 9.0;
				MTL_ENABLE_DEBUG_INFO = YES;
				ONLY_ACTIVE_ARCH = YES;
				SDKROOT = iphoneos;
				SWIFT_OPTIMIZATION_LEVEL = "-Onone";
			};
			name = Debug;
		};
		BE97B3601B7C1D1F00B3E74D /* Release */ = {
			isa = XCBuildConfiguration;
			buildSettings = {
				ALWAYS_SEARCH_USER_PATHS = NO;
				CLANG_CXX_LANGUAGE_STANDARD = "gnu++0x";
				CLANG_CXX_LIBRARY = "libc++";
				CLANG_ENABLE_MODULES = YES;
				CLANG_ENABLE_OBJC_ARC = YES;
				CLANG_WARN_BOOL_CONVERSION = YES;
				CLANG_WARN_CONSTANT_CONVERSION = YES;
				CLANG_WARN_DIRECT_OBJC_ISA_USAGE = YES_ERROR;
				CLANG_WARN_EMPTY_BODY = YES;
				CLANG_WARN_ENUM_CONVERSION = YES;
				CLANG_WARN_INT_CONVERSION = YES;
				CLANG_WARN_OBJC_ROOT_CLASS = YES_ERROR;
				CLANG_WARN_UNREACHABLE_CODE = YES;
				CLANG_WARN__DUPLICATE_METHOD_MATCH = YES;
				"CODE_SIGN_IDENTITY[sdk=iphoneos*]" = "iPhone Developer";
				COPY_PHASE_STRIP = NO;
				DEBUG_INFORMATION_FORMAT = "dwarf-with-dsym";
				ENABLE_NS_ASSERTIONS = NO;
				ENABLE_STRICT_OBJC_MSGSEND = YES;
				GCC_C_LANGUAGE_STANDARD = gnu99;
				GCC_NO_COMMON_BLOCKS = YES;
				GCC_WARN_64_TO_32_BIT_CONVERSION = YES;
				GCC_WARN_ABOUT_RETURN_TYPE = YES_ERROR;
				GCC_WARN_UNDECLARED_SELECTOR = YES;
				GCC_WARN_UNINITIALIZED_AUTOS = YES_AGGRESSIVE;
				GCC_WARN_UNUSED_FUNCTION = YES;
				GCC_WARN_UNUSED_VARIABLE = YES;
				IPHONEOS_DEPLOYMENT_TARGET = 9.0;
				MTL_ENABLE_DEBUG_INFO = NO;
				SDKROOT = iphoneos;
				VALIDATE_PRODUCT = YES;
			};
			name = Release;
		};
		BE97B3621B7C1D1F00B3E74D /* Debug */ = {
			isa = XCBuildConfiguration;
			baseConfigurationReference = 48377ACD1DB431552EC653B0 /* Pods.debug.xcconfig */;
			buildSettings = {
				ASSETCATALOG_COMPILER_APPICON_NAME = AppIcon;
				CODE_SIGN_IDENTITY = "iPhone Developer";
				"CODE_SIGN_IDENTITY[sdk=iphoneos*]" = "iPhone Developer";
				INFOPLIST_FILE = "Baby Film/Info.plist";
				IPHONEOS_DEPLOYMENT_TARGET = 8.0;
				LD_RUNPATH_SEARCH_PATHS = "$(inherited) @executable_path/Frameworks";
				PRODUCT_BUNDLE_IDENTIFIER = "org.gewill.Baby-Film";
				PRODUCT_NAME = "$(TARGET_NAME)";
				PROVISIONING_PROFILE = "";
			};
			name = Debug;
		};
		BE97B3631B7C1D1F00B3E74D /* Release */ = {
			isa = XCBuildConfiguration;
			baseConfigurationReference = 447E0D71A5CEB7DA2E8D2B25 /* Pods.release.xcconfig */;
			buildSettings = {
				ASSETCATALOG_COMPILER_APPICON_NAME = AppIcon;
				CODE_SIGN_IDENTITY = "iPhone Developer";
				"CODE_SIGN_IDENTITY[sdk=iphoneos*]" = "iPhone Developer";
				INFOPLIST_FILE = "Baby Film/Info.plist";
				IPHONEOS_DEPLOYMENT_TARGET = 8.0;
				LD_RUNPATH_SEARCH_PATHS = "$(inherited) @executable_path/Frameworks";
				PRODUCT_BUNDLE_IDENTIFIER = "org.gewill.Baby-Film";
				PRODUCT_NAME = "$(TARGET_NAME)";
				PROVISIONING_PROFILE = "";
			};
			name = Release;
		};
/* End XCBuildConfiguration section */

/* Begin XCConfigurationList section */
		BE97B34A1B7C1D1F00B3E74D /* Build configuration list for PBXProject "Baby Film" */ = {
			isa = XCConfigurationList;
			buildConfigurations = (
				BE97B35F1B7C1D1F00B3E74D /* Debug */,
				BE97B3601B7C1D1F00B3E74D /* Release */,
			);
			defaultConfigurationIsVisible = 0;
			defaultConfigurationName = Release;
		};
		BE97B3611B7C1D1F00B3E74D /* Build configuration list for PBXNativeTarget "Baby Film" */ = {
			isa = XCConfigurationList;
			buildConfigurations = (
				BE97B3621B7C1D1F00B3E74D /* Debug */,
				BE97B3631B7C1D1F00B3E74D /* Release */,
			);
			defaultConfigurationIsVisible = 0;
			defaultConfigurationName = Release;
		};
/* End XCConfigurationList section */
	};
	rootObject = BE97B3471B7C1D1F00B3E74D /* Project object */;
}
